<?xml version="1.0" encoding="utf-8"?>
<Project ToolsVersion="4.0" xmlns="http://schemas.microsoft.com/developer/msbuild/2003">
  <ItemGroup>
    <Filter Include="Source Files">
      <UniqueIdentifier>{4FC737F1-C7A5-4376-A066-2A32D752A2FF}</UniqueIdentifier>
      <Extensions>cpp;c;cc;cxx;c++;cppm;ixx;def;odl;idl;hpj;bat;asm;asmx</Extensions>
    </Filter>
    <Filter Include="Header Files">
      <UniqueIdentifier>{93995380-89BD-4b04-88EB-625FBE52EBFB}</UniqueIdentifier>
      <Extensions>h;hh;hpp;hxx;h++;hm;inl;inc;ipp;xsd</Extensions>
    </Filter>
    <Filter Include="Resource Files">
      <UniqueIdentifier>{67DA6AB6-F800-4c08-8B7A-83BB121AAD01}</UniqueIdentifier>
      <Extensions>rc;ico;cur;bmp;dlg;rc2;rct;bin;rgs;gif;jpg;jpeg;jpe;resx;tiff;tif;png;wav;mfcribbon-ms</Extensions>
    </Filter>
  </ItemGroup>
  <ItemGroup>
    <ClInclude Include="User.h">
      <Filter>Header Files</Filter>
    </ClInclude>
    <ClInclude Include="Student.h">
      <Filter>Header Files</Filter>
    </ClInclude>
    <ClInclude Include="Faculty.h">
      <Filter>Header Files</Filter>
    </ClInclude>
    <ClInclude Include="Course.h">
      <Filter>Header Files</Filter>
    </ClInclude>
    <ClInclude Include="DatabaseManager.h">
      <Filter>Header Files</Filter>
    </ClInclude>
    <ClInclude Include="Enrollment.h">
      <Filter>Header Files</Filter>
    </ClInclude>
    <ClInclude Include="CourseOffering.h">
      <Filter>Header Files</Filter>
    </ClInclude>
    <ClInclude Include="AdminDashboardForm.h">
      <Filter>Header Files</Filter>
    </ClInclude>
    <ClInclude Include="CourseManagementForm.h">
      <Filter>Header Files</Filter>
    </ClInclude>
    <ClInclude Include="FacultyDashboardForm.h">
      <Filter>Header Files</Filter>
    </ClInclude>
    <ClInclude Include="GradeManagementForm.h">
      <Filter>Header Files</Filter>
    </ClInclude>
    <ClInclude Include="LoginForm.h">
      <Filter>Header Files</Filter>
    </ClInclude>
    <ClInclude Include="MainMenuForm.h">
      <Filter>Header Files</Filter>
    </ClInclude>
    <ClInclude Include="ProfileManagementForm.h">
      <Filter>Header Files</Filter>
    </ClInclude>
    <ClInclude Include="StudentDashboardForm.h">
      <Filter>Header Files</Filter>
    </ClInclude>
    <ClInclude Include="StudentEnrollmentForm.h">
      <Filter>Header Files</Filter>
    </ClInclude>
    <ClInclude Include="TranscriptForm.h">
      <Filter>Header Files</Filter>
    </ClInclude>
    <ClInclude Include="MainApplicationForm.h">
      <Filter>Header Files</Filter>
    </ClInclude>
    <ClInclude Include="resource.h">
      <Filter>Header Files</Filter>
    </ClInclude>
  </ItemGroup>
  <ItemGroup>
    <ClCompile Include="AdminDashboardForm.cpp">
      <Filter>Source Files</Filter>
    </ClCompile>
    <ClCompile Include="CourseManagementForm.cpp">
      <Filter>Source Files</Filter>
    </ClCompile>
    <ClCompile Include="FacultyDashboardForm.cpp">
      <Filter>Source Files</Filter>
    </ClCompile>
    <ClCompile Include="GradeManagementForm.cpp">
      <Filter>Source Files</Filter>
    </ClCompile>
    <ClCompile Include="LoginForm.cpp">
      <Filter>Source Files</Filter>
    </ClCompile>
    <ClCompile Include="MainMenuForm.cpp">
      <Filter>Source Files</Filter>
    </ClCompile>
    <ClCompile Include="ProfileManagementForm.cpp">
      <Filter>Source Files</Filter>
    </ClCompile>
    <ClCompile Include="Program.cpp">
      <Filter>Source Files</Filter>
    </ClCompile>
    <ClCompile Include="StudentDashboardForm.cpp">
      <Filter>Source Files</Filter>
    </ClCompile>
    <ClCompile Include="StudentEnrollmentForm.cpp">
      <Filter>Source Files</Filter>
    </ClCompile>
    <ClCompile Include="TranscriptForm.cpp">
      <Filter>Source Files</Filter>
    </ClCompile>
    <ClCompile Include="MainApplicationForm.cpp">
      <Filter>Source Files</Filter>
    </ClCompile>
  </ItemGroup>
  <ItemGroup>
    <ResourceCompile Include="ProjectResources.rc">
      <Filter>Resource Files</Filter>
    </ResourceCompile>
  </ItemGroup>
  <ItemGroup>
    <Image Include="\\.psf\Home\Library\CloudStorage\OneDrive-AshesiUniversity\ASHESI\3RD YEAR\SEM 1\Intermediate Computer Programming\project\ashesi-logo.ico">
      <Filter>Resource Files</Filter>
    </Image>
  </ItemGroup>
</Project>